
Microsoft Visual Studio Solution File, Format Version 12.00
# Visual Studio Version 16
VisualStudioVersion = 16.0.31613.86
MinimumVisualStudioVersion = 10.0.40219.1
Project("{8BC9CEB8-8B4A-11D0-8D11-00A0C91BC942}") = "Ellie-Runtime", "Ellie-Runtime\Ellie-Runtime.vcxproj", "{E1849D55-C5EC-44B2-8AD0-036F7DAB0F2B}"
EndProject
Project("{8BC9CEB8-8B4A-11D0-8D11-00A0C91BC942}") = "Ellie-Player", "Ellie-Player\Ellie-Player.vcxproj", "{0AD59F75-4704-4028-9E62-E18A6F9C3975}"
EndProject
Global
	GlobalSection(SolutionConfigurationPlatforms) = preSolution
		Debug|x64 = Debug|x64
		Debug|x86 = Debug|x86
		Release|x64 = Release|x64
		Release|x86 = Release|x86
	EndGlobalSection
	GlobalSection(ProjectConfigurationPlatforms) = postSolution
		{E1849D55-C5EC-44B2-8AD0-036F7DAB0F2B}.Debug|x64.ActiveCfg = Debug|x64
		{E1849D55-C5EC-44B2-8AD0-036F7DAB0F2B}.Debug|x64.Build.0 = Debug|x64
		{E1849D55-C5EC-44B2-8AD0-036F7DAB0F2B}.Debug|x86.ActiveCfg = Debug|Win32
		{E1849D55-C5EC-44B2-8AD0-036F7DAB0F2B}.Debug|x86.Build.0 = Debug|Win32
		{E1849D55-C5EC-44B2-8AD0-036F7DAB0F2B}.Release|x64.ActiveCfg = Release|x64
		{E1849D55-C5EC-44B2-8AD0-036F7DAB0F2B}.Release|x64.Build.0 = Release|x64
		{E1849D55-C5EC-44B2-8AD0-036F7DAB0F2B}.Release|x86.ActiveCfg = Release|Win32
		{E1849D55-C5EC-44B2-8AD0-036F7DAB0F2B}.Release|x86.Build.0 = Release|Win32
		{0AD59F75-4704-4028-9E62-E18A6F9C3975}.Debug|x64.ActiveCfg = Debug|x64
		{0AD59F75-4704-4028-9E62-E18A6F9C3975}.Debug|x64.Build.0 = Debug|x64
		{0AD59F75-4704-4028-9E62-E18A6F9C3975}.Debug|x86.ActiveCfg = Debug|Win32
		{0AD59F75-4704-4028-9E62-E18A6F9C3975}.Debug|x86.Build.0 = Debug|Win32
		{0AD59F75-4704-4028-9E62-E18A6F9C3975}.Release|x64.ActiveCfg = Release|x64
		{0AD59F75-4704-4028-9E62-E18A6F9C3975}.Release|x64.Build.0 = Release|x64
		{0AD59F75-4704-4028-9E62-E18A6F9C3975}.Release|x86.ActiveCfg = Release|Win32
		{0AD59F75-4704-4028-9E62-E18A6F9C3975}.Release|x86.Build.0 = Release|Win32
	EndGlobalSection
	GlobalSection(SolutionProperties) = preSolution
		HideSolutionNode = FALSE
	EndGlobalSection
	GlobalSection(ExtensibilityGlobals) = postSolution
		SolutionGuid = {4C07B133-6976-43B8-B2AE-D1AD6B69E383}
	EndGlobalSection
EndGlobal
