<?xml version="1.0" encoding="utf-8"?>
<Project ToolsVersion="4.0" xmlns="http://schemas.microsoft.com/developer/msbuild/2003">
  <ItemGroup>
    <ClInclude Include="Precompiled.h" />
    <ClInclude Include="EObject.h">
      <Filter>Object</Filter>
    </ClInclude>
    <ClInclude Include="EGameObject.h">
      <Filter>Object</Filter>
    </ClInclude>
    <ClInclude Include="EComponent.h">
      <Filter>Component</Filter>
    </ClInclude>
    <ClInclude Include="TransformComponent.h">
      <Filter>Component</Filter>
    </ClInclude>
    <ClInclude Include="Matrix.h">
      <Filter>Core\Math</Filter>
    </ClInclude>
    <ClInclude Include="Vector.h">
      <Filter>Core\Math</Filter>
    </ClInclude>
    <ClInclude Include="EllieCore.h">
      <Filter>Core</Filter>
    </ClInclude>
    <ClInclude Include="IManager.h">
      <Filter>Manager</Filter>
    </ClInclude>
    <ClInclude Include="Dx11.h">
      <Filter>Core</Filter>
    </ClInclude>
    <ClInclude Include="SpriteRendererComponent.h">
      <Filter>Component</Filter>
    </ClInclude>
    <ClInclude Include="ESprite.h">
      <Filter>Object</Filter>
    </ClInclude>
    <ClInclude Include="EResource.h">
      <Filter>Core</Filter>
    </ClInclude>
    <ClInclude Include="ETexture.h">
      <Filter>Object</Filter>
    </ClInclude>
    <ClInclude Include="GameObjectMgr.h">
      <Filter>Manager</Filter>
    </ClInclude>
    <ClInclude Include="Container.h">
      <Filter>Manager</Filter>
    </ClInclude>
    <ClInclude Include="MacroDef.h">
      <Filter>Core</Filter>
    </ClInclude>
    <ClInclude Include="EllieProc.h">
      <Filter>Core</Filter>
    </ClInclude>
    <ClInclude Include="Singleton.h">
      <Filter>Core</Filter>
    </ClInclude>
  </ItemGroup>
  <ItemGroup>
    <ClCompile Include="Precompiled.cpp" />
    <ClCompile Include="EObject.cpp">
      <Filter>Object</Filter>
    </ClCompile>
    <ClCompile Include="EGameObject.cpp">
      <Filter>Object</Filter>
    </ClCompile>
    <ClCompile Include="EComponent.cpp">
      <Filter>Component</Filter>
    </ClCompile>
    <ClCompile Include="TransformComponent.cpp">
      <Filter>Component</Filter>
    </ClCompile>
    <ClCompile Include="EllieCore.cpp">
      <Filter>Core</Filter>
    </ClCompile>
    <ClCompile Include="Dx11.cpp">
      <Filter>Core</Filter>
    </ClCompile>
    <ClCompile Include="SpriteRendererComponent.cpp">
      <Filter>Component</Filter>
    </ClCompile>
    <ClCompile Include="ESprite.cpp">
      <Filter>Object</Filter>
    </ClCompile>
    <ClCompile Include="EResource.cpp">
      <Filter>Core</Filter>
    </ClCompile>
    <ClCompile Include="ETexture.cpp">
      <Filter>Object</Filter>
    </ClCompile>
    <ClCompile Include="GameObjectMgr.cpp">
      <Filter>Manager</Filter>
    </ClCompile>
    <ClCompile Include="EllieProc.cpp">
      <Filter>Core</Filter>
    </ClCompile>
  </ItemGroup>
  <ItemGroup>
    <Filter Include="Object">
      <UniqueIdentifier>{1c690acc-2b66-465e-8dd8-e906302fcfb9}</UniqueIdentifier>
    </Filter>
    <Filter Include="Manager">
      <UniqueIdentifier>{d1861ed5-d3e1-4c34-8e54-ce49ef1ca3f7}</UniqueIdentifier>
    </Filter>
    <Filter Include="Component">
      <UniqueIdentifier>{ce64c1aa-a764-4c78-8d27-24f9c8271d6b}</UniqueIdentifier>
    </Filter>
    <Filter Include="Core">
      <UniqueIdentifier>{4232a053-545e-4db3-8707-6a6ebff6de76}</UniqueIdentifier>
    </Filter>
    <Filter Include="Core\Math">
      <UniqueIdentifier>{962a4a5b-70b1-43a1-b9f3-ef56b5f6868f}</UniqueIdentifier>
    </Filter>
  </ItemGroup>
</Project>