<?xml version="1.0" encoding="utf-8"?>
<Project ToolsVersion="4.0" xmlns="http://schemas.microsoft.com/developer/msbuild/2003">
  <ItemGroup>
    <ClInclude Include="Precompiled.hpp" />
    <ClInclude Include="EGameObject.hpp">
      <Filter>Public\Core\Object</Filter>
    </ClInclude>
    <ClInclude Include="EComponent.hpp">
      <Filter>Public\Core\Component</Filter>
    </ClInclude>
    <ClInclude Include="TransformComponent.hpp">
      <Filter>Public\Core\Component</Filter>
    </ClInclude>
    <ClInclude Include="Matrix.hpp">
      <Filter>Public\Core\Math</Filter>
    </ClInclude>
    <ClInclude Include="Vector.hpp">
      <Filter>Public\Core\Math</Filter>
    </ClInclude>
    <ClInclude Include="IManager.hpp">
      <Filter>Public\Core\Manager</Filter>
    </ClInclude>
    <ClInclude Include="ESprite.hpp">
      <Filter>Public\Core\Object</Filter>
    </ClInclude>
    <ClInclude Include="ETexture.hpp">
      <Filter>Public\Core\Object</Filter>
    </ClInclude>
    <ClInclude Include="GameObjectMgr.hpp">
      <Filter>Public\Core\Manager</Filter>
    </ClInclude>
    <ClInclude Include="Container.hpp">
      <Filter>Public\Core\Manager</Filter>
    </ClInclude>
    <ClInclude Include="EScene.hpp">
      <Filter>Public\Core\Object</Filter>
    </ClInclude>
    <ClInclude Include="SceneMgr.hpp">
      <Filter>Public\Core\Manager</Filter>
    </ClInclude>
    <ClInclude Include="CameraMgr.hpp">
      <Filter>Public\Core\Manager</Filter>
    </ClInclude>
    <ClInclude Include="Rotator.hpp">
      <Filter>Public\Core\Math</Filter>
    </ClInclude>
    <ClInclude Include="MathHeaders.hpp">
      <Filter>Public\Core\Math</Filter>
    </ClInclude>
    <ClInclude Include="Dx11.hpp">
      <Filter>Public\Core\System</Filter>
    </ClInclude>
    <ClInclude Include="EllieCore.hpp">
      <Filter>Public\Core\System</Filter>
    </ClInclude>
    <ClInclude Include="EllieProc.hpp">
      <Filter>Public\Core\System</Filter>
    </ClInclude>
    <ClInclude Include="MacroDef.hpp">
      <Filter>Public\Core\System</Filter>
    </ClInclude>
    <ClInclude Include="Singleton.hpp">
      <Filter>Public\Core\System</Filter>
    </ClInclude>
    <ClInclude Include="VertexBuffer.hpp">
      <Filter>Public\Core\Buffers</Filter>
    </ClInclude>
    <ClInclude Include="IndexBuffer.hpp">
      <Filter>Public\Core\Buffers</Filter>
    </ClInclude>
    <ClInclude Include="EMesh.hpp">
      <Filter>Public\Core\Mesh</Filter>
    </ClInclude>
    <ClInclude Include="TriangleMesh.hpp">
      <Filter>Public\Core\Mesh</Filter>
    </ClInclude>
    <ClInclude Include="TransformBuffer.hpp">
      <Filter>Public\Core\Buffers</Filter>
    </ClInclude>
    <ClInclude Include="InputLayout.hpp">
      <Filter>Public\Core\Buffers</Filter>
    </ClInclude>
    <ClInclude Include="ColorShader.h">
      <Filter>Public\Core\Shaders</Filter>
    </ClInclude>
    <ClInclude Include="VertexShader.hpp">
      <Filter>Public\Core\Shaders</Filter>
    </ClInclude>
    <ClInclude Include="PixelShader.hpp">
      <Filter>Public\Core\Shaders</Filter>
    </ClInclude>
    <ClInclude Include="EShader.hpp">
      <Filter>Public\Core\Shaders</Filter>
    </ClInclude>
  </ItemGroup>
  <ItemGroup>
    <ClCompile Include="Precompiled.cpp" />
    <ClCompile Include="IndexBuffer.cpp">
      <Filter>Private\Core\Buffers</Filter>
    </ClCompile>
    <ClCompile Include="InputLayout.cpp">
      <Filter>Private\Core\Buffers</Filter>
    </ClCompile>
    <ClCompile Include="TransformBuffer.cpp">
      <Filter>Private\Core\Buffers</Filter>
    </ClCompile>
    <ClCompile Include="VertexBuffer.cpp">
      <Filter>Private\Core\Buffers</Filter>
    </ClCompile>
    <ClCompile Include="EComponent.cpp">
      <Filter>Private\Core\Component</Filter>
    </ClCompile>
    <ClCompile Include="CameraMgr.cpp">
      <Filter>Private\Core\Manager</Filter>
    </ClCompile>
    <ClCompile Include="GameObjectMgr.cpp">
      <Filter>Private\Core\Manager</Filter>
    </ClCompile>
    <ClCompile Include="SceneMgr.cpp">
      <Filter>Private\Core\Manager</Filter>
    </ClCompile>
    <ClCompile Include="EMesh.cpp">
      <Filter>Private\Core\Mesh</Filter>
    </ClCompile>
    <ClCompile Include="TriangleMesh.cpp">
      <Filter>Private\Core\Mesh</Filter>
    </ClCompile>
    <ClCompile Include="EGameObject.cpp">
      <Filter>Private\Core\Object</Filter>
    </ClCompile>
    <ClCompile Include="EScene.cpp">
      <Filter>Private\Core\Object</Filter>
    </ClCompile>
    <ClCompile Include="ESprite.cpp">
      <Filter>Private\Core\Object</Filter>
    </ClCompile>
    <ClCompile Include="ETexture.cpp">
      <Filter>Private\Core\Object</Filter>
    </ClCompile>
    <ClCompile Include="ColorShader.cpp">
      <Filter>Private\Core\Shaders</Filter>
    </ClCompile>
    <ClCompile Include="PixelShader.cpp">
      <Filter>Private\Core\Shaders</Filter>
    </ClCompile>
    <ClCompile Include="VertexShader.cpp">
      <Filter>Private\Core\Shaders</Filter>
    </ClCompile>
    <ClCompile Include="Dx11.cpp">
      <Filter>Private\Core\System</Filter>
    </ClCompile>
    <ClCompile Include="EllieCore.cpp">
      <Filter>Private\Core\System</Filter>
    </ClCompile>
    <ClCompile Include="EllieProc.cpp">
      <Filter>Private\Core\System</Filter>
    </ClCompile>
  </ItemGroup>
  <ItemGroup>
    <Filter Include="Private">
      <UniqueIdentifier>{82a88c87-8709-4aff-af04-c5d90d05a2d2}</UniqueIdentifier>
    </Filter>
    <Filter Include="Public">
      <UniqueIdentifier>{dcfdec97-885b-414b-98b9-56fc2602176f}</UniqueIdentifier>
    </Filter>
    <Filter Include="Public\Core">
      <UniqueIdentifier>{4232a053-545e-4db3-8707-6a6ebff6de76}</UniqueIdentifier>
    </Filter>
    <Filter Include="Public\Core\System">
      <UniqueIdentifier>{6e3f806d-9786-4a81-9719-792a322757ae}</UniqueIdentifier>
    </Filter>
    <Filter Include="Public\Core\Component">
      <UniqueIdentifier>{ce64c1aa-a764-4c78-8d27-24f9c8271d6b}</UniqueIdentifier>
    </Filter>
    <Filter Include="Public\Core\Manager">
      <UniqueIdentifier>{d1861ed5-d3e1-4c34-8e54-ce49ef1ca3f7}</UniqueIdentifier>
    </Filter>
    <Filter Include="Public\Core\Object">
      <UniqueIdentifier>{1c690acc-2b66-465e-8dd8-e906302fcfb9}</UniqueIdentifier>
    </Filter>
    <Filter Include="Public\Core\Math">
      <UniqueIdentifier>{962a4a5b-70b1-43a1-b9f3-ef56b5f6868f}</UniqueIdentifier>
    </Filter>
    <Filter Include="Public\Core\Shaders">
      <UniqueIdentifier>{d4f0cfec-45c6-4cfc-a273-b23ad5b8fcc4}</UniqueIdentifier>
    </Filter>
    <Filter Include="Public\Core\Buffers">
      <UniqueIdentifier>{3aaa50a7-29a5-4136-b468-5cd5ca792127}</UniqueIdentifier>
    </Filter>
    <Filter Include="Public\Core\Mesh">
      <UniqueIdentifier>{b1ec6f7f-c2a8-452c-935c-3fddb6ee3897}</UniqueIdentifier>
    </Filter>
    <Filter Include="Private\Core">
      <UniqueIdentifier>{74aaa18d-3c74-48fc-a659-85dcc8eb414b}</UniqueIdentifier>
    </Filter>
    <Filter Include="Private\Core\Buffers">
      <UniqueIdentifier>{95cdc4be-43a7-4c91-96b3-7e8cf27f058d}</UniqueIdentifier>
    </Filter>
    <Filter Include="Private\Core\Component">
      <UniqueIdentifier>{49e6bc9c-0712-4b85-ac62-43c3715827e0}</UniqueIdentifier>
    </Filter>
    <Filter Include="Private\Core\Manager">
      <UniqueIdentifier>{80dd98ce-4dff-4ee4-85f6-f3520a6914e6}</UniqueIdentifier>
    </Filter>
    <Filter Include="Private\Core\Math">
      <UniqueIdentifier>{69ce7468-d2ae-4630-9300-b0aa8e1c689e}</UniqueIdentifier>
    </Filter>
    <Filter Include="Private\Core\Mesh">
      <UniqueIdentifier>{eb6be4cb-9815-42e0-afa3-8fe5a0713139}</UniqueIdentifier>
    </Filter>
    <Filter Include="Private\Core\Object">
      <UniqueIdentifier>{4b3f776f-f217-463d-afd0-1fab5db3bd85}</UniqueIdentifier>
    </Filter>
    <Filter Include="Private\Core\Shaders">
      <UniqueIdentifier>{8860e93b-e44c-420a-a797-fb6834f7c0d0}</UniqueIdentifier>
    </Filter>
    <Filter Include="Private\Core\System">
      <UniqueIdentifier>{0527eddd-7a6e-499c-a673-ed0e2585d486}</UniqueIdentifier>
    </Filter>
  </ItemGroup>
  <ItemGroup>
    <FxCompile Include="..\Ellie-Player\ColorVS.hlsl">
      <Filter>Public\Core\Shaders</Filter>
    </FxCompile>
    <FxCompile Include="..\Ellie-Player\ColorPS.hlsl">
      <Filter>Public\Core\Shaders</Filter>
    </FxCompile>
  </ItemGroup>
</Project>