<?xml version="1.0" encoding="utf-8"?>
<Project ToolsVersion="4.0" xmlns="http://schemas.microsoft.com/developer/msbuild/2003">
  <ItemGroup>
    <Filter Include="Shader">
      <UniqueIdentifier>{0bc88dbb-2b03-4277-b7ac-eab981978305}</UniqueIdentifier>
    </Filter>
    <Filter Include="WindowsApp">
      <UniqueIdentifier>{c2b5006d-504b-4169-a750-1059fae12009}</UniqueIdentifier>
    </Filter>
    <Filter Include="Scene">
      <UniqueIdentifier>{d163ff40-3e21-4dcc-ad89-665fd681ef0a}</UniqueIdentifier>
    </Filter>
  </ItemGroup>
  <ItemGroup>
    <ClCompile Include="WindowsApp.cpp">
      <Filter>WindowsApp</Filter>
    </ClCompile>
    <ClCompile Include="DemoScene.cpp">
      <Filter>Scene</Filter>
    </ClCompile>
    <ClCompile Include="EShader.cpp">
      <Filter>Shader</Filter>
    </ClCompile>
  </ItemGroup>
  <ItemGroup>
    <ClInclude Include="WindowsApp.hpp">
      <Filter>WindowsApp</Filter>
    </ClInclude>
    <ClInclude Include="DemoScene.hpp">
      <Filter>Scene</Filter>
    </ClInclude>
  </ItemGroup>
</Project>